
Microsoft Visual Studio Solution File, Format Version 12.00
# Visual Studio Version 17
VisualStudioVersion = 17.14.36221.1 d17.14
MinimumVisualStudioVersion = 10.0.40219.1
Project("{FAE04EC0-301F-11D3-BF4B-00C04F79EFBC}") = "C44-G02-OOP03", "C44-G02-OOP03\C44-G02-OOP03.csproj", "{C704892C-1A49-424B-9C7C-E8634F552F4A}"
EndProject
Global
	GlobalSection(SolutionConfigurationPlatforms) = preSolution
		Debug|Any CPU = Debug|Any CPU
		Release|Any CPU = Release|Any CPU
	EndGlobalSection
	GlobalSection(ProjectConfigurationPlatforms) = postSolution
		{C704892C-1A49-424B-9C7C-E8634F552F4A}.Debug|Any CPU.ActiveCfg = Debug|Any CPU
		{C704892C-1A49-424B-9C7C-E8634F552F4A}.Debug|Any CPU.Build.0 = Debug|Any CPU
		{C704892C-1A49-424B-9C7C-E8634F552F4A}.Release|Any CPU.ActiveCfg = Release|Any CPU
		{C704892C-1A49-424B-9C7C-E8634F552F4A}.Release|Any CPU.Build.0 = Release|Any CPU
	EndGlobalSection
	GlobalSection(SolutionProperties) = preSolution
		HideSolutionNode = FALSE
	EndGlobalSection
	GlobalSection(ExtensibilityGlobals) = postSolution
		SolutionGuid = {041D1FC1-9848-4BD9-9CDA-A78BDA4CB985}
	EndGlobalSection
EndGlobal
